
Microsoft Visual Studio Solution File, Format Version 12.00
# Visual Studio Version 17
VisualStudioVersion = 17.14.36915.13 d17.14
MinimumVisualStudioVersion = 10.0.40219.1
Project("{FAE04EC0-301F-11D3-BF4B-00C04F79EFBC}") = "BingoMaster", "BingoMaster.csproj", "{E149B8DF-1A36-4DAE-B38D-0BA38976A14A}"
EndProject
Global
	GlobalSection(SolutionConfigurationPlatforms) = preSolution
		Debug|Any CPU = Debug|Any CPU
		Release|Any CPU = Release|Any CPU
	EndGlobalSection
	GlobalSection(ProjectConfigurationPlatforms) = postSolution
		{E149B8DF-1A36-4DAE-B38D-0BA38976A14A}.Debug|Any CPU.ActiveCfg = Debug|Any CPU
		{E149B8DF-1A36-4DAE-B38D-0BA38976A14A}.Debug|Any CPU.Build.0 = Debug|Any CPU
		{E149B8DF-1A36-4DAE-B38D-0BA38976A14A}.Release|Any CPU.ActiveCfg = Release|Any CPU
		{E149B8DF-1A36-4DAE-B38D-0BA38976A14A}.Release|Any CPU.Build.0 = Release|Any CPU
	EndGlobalSection
	GlobalSection(SolutionProperties) = preSolution
		HideSolutionNode = FALSE
	EndGlobalSection
	GlobalSection(ExtensibilityGlobals) = postSolution
		SolutionGuid = {61930F16-642B-4CC3-BDC1-170F22244D0E}
	EndGlobalSection
EndGlobal
